// !$*UTF8*$!
{
	archiveVersion = 1;
	classes = {
	};
	objectVersion = 46;
	objects = {

/* Begin PBXBuildFile section */
		9A0B78811CA28282004FF038 /* main.m in Sources */ = {isa = PBXBuildFile; fileRef = 9A0B78801CA28282004FF038 /* main.m */; };
		9A0B78841CA28282004FF038 /* AppDelegate.m in Sources */ = {isa = PBXBuildFile; fileRef = 9A0B78831CA28282004FF038 /* AppDelegate.m */; };
		9A0B788A1CA28282004FF038 /* Main.storyboard in Resources */ = {isa = PBXBuildFile; fileRef = 9A0B78881CA28282004FF038 /* Main.storyboard */; };
		9A0B788C1CA28282004FF038 /* Assets.xcassets in Resources */ = {isa = PBXBuildFile; fileRef = 9A0B788B1CA28282004FF038 /* Assets.xcassets */; };
		9A0B788F1CA28282004FF038 /* LaunchScreen.storyboard in Resources */ = {isa = PBXBuildFile; fileRef = 9A0B788D1CA28282004FF038 /* LaunchScreen.storyboard */; };
		9A0B789A1CA28282004FF038 /* SKToolDemoTests.m in Sources */ = {isa = PBXBuildFile; fileRef = 9A0B78991CA28282004FF038 /* SKToolDemoTests.m */; };
		9A0B78A51CA28282004FF038 /* SKToolDemoUITests.m in Sources */ = {isa = PBXBuildFile; fileRef = 9A0B78A41CA28282004FF038 /* SKToolDemoUITests.m */; };
		9A0B78B91CA28315004FF038 /* ViewController.m in Sources */ = {isa = PBXBuildFile; fileRef = 9A0B78B71CA28315004FF038 /* ViewController.m */; };
		9A0B78BC1CA2833F004FF038 /* SKBaseVC.m in Sources */ = {isa = PBXBuildFile; fileRef = 9A0B78BB1CA2833F004FF038 /* SKBaseVC.m */; };
		9A0B78C01CA28367004FF038 /* SKHomeTableVC.m in Sources */ = {isa = PBXBuildFile; fileRef = 9A0B78BE1CA28367004FF038 /* SKHomeTableVC.m */; };
		9A0B78C11CA28367004FF038 /* SKHomeTableVC.xib in Resources */ = {isa = PBXBuildFile; fileRef = 9A0B78BF1CA28367004FF038 /* SKHomeTableVC.xib */; };
		9A0B78C51CA28896004FF038 /* NSString+SKString.m in Sources */ = {isa = PBXBuildFile; fileRef = 9A0B78C41CA28896004FF038 /* NSString+SKString.m */; };
		9A0B78C91CA28964004FF038 /* SKCatogyVC.m in Sources */ = {isa = PBXBuildFile; fileRef = 9A0B78C71CA28964004FF038 /* SKCatogyVC.m */; };
		9A0B78CA1CA28964004FF038 /* SKCatogyVC.xib in Resources */ = {isa = PBXBuildFile; fileRef = 9A0B78C81CA28964004FF038 /* SKCatogyVC.xib */; };
		9A0B78D91CA28AE7004FF038 /* NSArray+SKArray.m in Sources */ = {isa = PBXBuildFile; fileRef = 9A0B78CC1CA28AE7004FF038 /* NSArray+SKArray.m */; };
		9A0B78DA1CA28AE7004FF038 /* NSDate+AMCalendar.m in Sources */ = {isa = PBXBuildFile; fileRef = 9A0B78CE1CA28AE7004FF038 /* NSDate+AMCalendar.m */; };
		9A0B78DB1CA28AE7004FF038 /* NSDate+SKDate.m in Sources */ = {isa = PBXBuildFile; fileRef = 9A0B78D01CA28AE7004FF038 /* NSDate+SKDate.m */; };
		9A0B78DC1CA28AE7004FF038 /* NSDictionary+SKDic.m in Sources */ = {isa = PBXBuildFile; fileRef = 9A0B78D21CA28AE7004FF038 /* NSDictionary+SKDic.m */; };
		9A0B78DD1CA28AE7004FF038 /* UIColor+SKColor.m in Sources */ = {isa = PBXBuildFile; fileRef = 9A0B78D41CA28AE7004FF038 /* UIColor+SKColor.m */; };
		9A0B78DE1CA28AE7004FF038 /* UIImage+SKImage.m in Sources */ = {isa = PBXBuildFile; fileRef = 9A0B78D61CA28AE7004FF038 /* UIImage+SKImage.m */; };
		9A0B78DF1CA28AE7004FF038 /* UILabel+SKLabel.m in Sources */ = {isa = PBXBuildFile; fileRef = 9A0B78D81CA28AE7004FF038 /* UILabel+SKLabel.m */; };
		9A0B7A181CA29536004FF038 /* bitstream.c in Sources */ = {isa = PBXBuildFile; fileRef = 9A0B7A031CA29536004FF038 /* bitstream.c */; };
		9A0B7A191CA29536004FF038 /* mask.c in Sources */ = {isa = PBXBuildFile; fileRef = 9A0B7A051CA29536004FF038 /* mask.c */; };
		9A0B7A1A1CA29536004FF038 /* qrencode.c in Sources */ = {isa = PBXBuildFile; fileRef = 9A0B7A071CA29536004FF038 /* qrencode.c */; };
		9A0B7A1B1CA29536004FF038 /* qrinput.c in Sources */ = {isa = PBXBuildFile; fileRef = 9A0B7A091CA29536004FF038 /* qrinput.c */; };
		9A0B7A1C1CA29536004FF038 /* qrspec.c in Sources */ = {isa = PBXBuildFile; fileRef = 9A0B7A0B1CA29536004FF038 /* qrspec.c */; };
		9A0B7A1D1CA29536004FF038 /* rscode.c in Sources */ = {isa = PBXBuildFile; fileRef = 9A0B7A0D1CA29536004FF038 /* rscode.c */; };
		9A0B7A1E1CA29536004FF038 /* split.c in Sources */ = {isa = PBXBuildFile; fileRef = 9A0B7A0F1CA29536004FF038 /* split.c */; };
		9A0B7A1F1CA29536004FF038 /* AMNoticeAlertView.m in Sources */ = {isa = PBXBuildFile; fileRef = 9A0B7A131CA29536004FF038 /* AMNoticeAlertView.m */; };
		9A0B7A201CA29536004FF038 /* notice_alert_error@2x.png in Resources */ = {isa = PBXBuildFile; fileRef = 9A0B7A141CA29536004FF038 /* notice_alert_error@2x.png */; };
		9A0B7A211CA29536004FF038 /* notice_alert_gou@2x.png in Resources */ = {isa = PBXBuildFile; fileRef = 9A0B7A151CA29536004FF038 /* notice_alert_gou@2x.png */; };
		9A0B7A221CA29536004FF038 /* UIViewController+AMNoticeAlertView.m in Sources */ = {isa = PBXBuildFile; fileRef = 9A0B7A171CA29536004FF038 /* UIViewController+AMNoticeAlertView.m */; };
		9A0B7A2B1CA2956F004FF038 /* SKHttpToolManager.m in Sources */ = {isa = PBXBuildFile; fileRef = 9A0B7A291CA2956F004FF038 /* SKHttpToolManager.m */; };
		9A2F8FB41CA2DE8E00F16C46 /* SKAMapVC.m in Sources */ = {isa = PBXBuildFile; fileRef = 9A2F8FB21CA2DE8E00F16C46 /* SKAMapVC.m */; };
		9A2F8FB51CA2DE8E00F16C46 /* SKAMapVC.xib in Resources */ = {isa = PBXBuildFile; fileRef = 9A2F8FB31CA2DE8E00F16C46 /* SKAMapVC.xib */; };
		9A2F8FB81CA2DED400F16C46 /* SKAMapTableVC.m in Sources */ = {isa = PBXBuildFile; fileRef = 9A2F8FB71CA2DED400F16C46 /* SKAMapTableVC.m */; };
		9A394FB31CA3C32000B66323 /* choose@2x.png in Resources */ = {isa = PBXBuildFile; fileRef = 9A394FAE1CA3C32000B66323 /* choose@2x.png */; };
		9A394FB41CA3C32000B66323 /* SKClickEffectBtn.m in Sources */ = {isa = PBXBuildFile; fileRef = 9A394FB01CA3C32000B66323 /* SKClickEffectBtn.m */; };
		9A394FB51CA3C32000B66323 /* SKCountDownBtn.m in Sources */ = {isa = PBXBuildFile; fileRef = 9A394FB21CA3C32000B66323 /* SKCountDownBtn.m */; };
		9A394FB91CA3C37100B66323 /* SKClassExtensionVC.m in Sources */ = {isa = PBXBuildFile; fileRef = 9A394FB71CA3C37100B66323 /* SKClassExtensionVC.m */; };
		9A394FBA1CA3C37100B66323 /* SKClassExtensionVC.xib in Resources */ = {isa = PBXBuildFile; fileRef = 9A394FB81CA3C37100B66323 /* SKClassExtensionVC.xib */; };
		9A394FCB1CA3C81700B66323 /* ChineseToPinyinResource.m in Sources */ = {isa = PBXBuildFile; fileRef = 9A394FBF1CA3C81700B66323 /* ChineseToPinyinResource.m */; };
		9A394FCC1CA3C81700B66323 /* HanyuPinyinOutputFormat.m in Sources */ = {isa = PBXBuildFile; fileRef = 9A394FC11CA3C81700B66323 /* HanyuPinyinOutputFormat.m */; };
		9A394FCD1CA3C81700B66323 /* NSString+PinYin4Cocoa.m in Sources */ = {isa = PBXBuildFile; fileRef = 9A394FC31CA3C81700B66323 /* NSString+PinYin4Cocoa.m */; };
		9A394FCE1CA3C81700B66323 /* PinyinFormatter.m in Sources */ = {isa = PBXBuildFile; fileRef = 9A394FC61CA3C81700B66323 /* PinyinFormatter.m */; };
		9A394FCF1CA3C81700B66323 /* PinyinHelper.m in Sources */ = {isa = PBXBuildFile; fileRef = 9A394FC81CA3C81700B66323 /* PinyinHelper.m */; };
		9A394FD01CA3C81700B66323 /* unicode_to_hanyu_pinyin.txt in Resources */ = {isa = PBXBuildFile; fileRef = 9A394FCA1CA3C81700B66323 /* unicode_to_hanyu_pinyin.txt */; };
		9A394FD31CA3C85900B66323 /* SKSearchToolVC.m in Sources */ = {isa = PBXBuildFile; fileRef = 9A394FD21CA3C85900B66323 /* SKSearchToolVC.m */; };
		9A9F59631CA29B01004B7380 /* SKNetworkVC.m in Sources */ = {isa = PBXBuildFile; fileRef = 9A9F59611CA29B01004B7380 /* SKNetworkVC.m */; };
		9A9F59641CA29B01004B7380 /* SKNetworkVC.xib in Resources */ = {isa = PBXBuildFile; fileRef = 9A9F59621CA29B01004B7380 /* SKNetworkVC.xib */; };
		9A9F596A1CA29DB2004B7380 /* default1242-2208@2x.png in Resources */ = {isa = PBXBuildFile; fileRef = 9A9F59661CA29DB2004B7380 /* default1242-2208@2x.png */; };
		9A9F596B1CA29DB2004B7380 /* default640-1136@2x.png in Resources */ = {isa = PBXBuildFile; fileRef = 9A9F59671CA29DB2004B7380 /* default640-1136@2x.png */; };
		9A9F596C1CA29DB2004B7380 /* default640-960@2x.png in Resources */ = {isa = PBXBuildFile; fileRef = 9A9F59681CA29DB2004B7380 /* default640-960@2x.png */; };
		9A9F596D1CA29DB2004B7380 /* default750-1334@2x.png in Resources */ = {isa = PBXBuildFile; fileRef = 9A9F59691CA29DB2004B7380 /* default750-1334@2x.png */; };
		9A9F596F1CA29DF2004B7380 /* Images.xcassets in Resources */ = {isa = PBXBuildFile; fileRef = 9A9F596E1CA29DF2004B7380 /* Images.xcassets */; };
		9A9F59751CA2A217004B7380 /* AMAutoTextField.m in Sources */ = {isa = PBXBuildFile; fileRef = 9A9F59721CA2A217004B7380 /* AMAutoTextField.m */; };
		9A9F59761CA2A217004B7380 /* UIViewController+AMAutoKeyBoardVC.m in Sources */ = {isa = PBXBuildFile; fileRef = 9A9F59741CA2A217004B7380 /* UIViewController+AMAutoKeyBoardVC.m */; };
		9A9F59791CA2A392004B7380 /* SKHTTPSessionManager.m in Sources */ = {isa = PBXBuildFile; fileRef = 9A9F59781CA2A392004B7380 /* SKHTTPSessionManager.m */; };
		9A9F59851CA2A518004B7380 /* AMDatePickerView.m in Sources */ = {isa = PBXBuildFile; fileRef = 9A9F597C1CA2A518004B7380 /* AMDatePickerView.m */; };
		9A9F59861CA2A518004B7380 /* AMDatePickerView.xib in Resources */ = {isa = PBXBuildFile; fileRef = 9A9F597D1CA2A518004B7380 /* AMDatePickerView.xib */; };
		9A9F59871CA2A518004B7380 /* AMPickerChooseView.m in Sources */ = {isa = PBXBuildFile; fileRef = 9A9F597F1CA2A518004B7380 /* AMPickerChooseView.m */; };
		9A9F59881CA2A518004B7380 /* AMPickerChooseView.xib in Resources */ = {isa = PBXBuildFile; fileRef = 9A9F59801CA2A518004B7380 /* AMPickerChooseView.xib */; };
		9A9F59891CA2A518004B7380 /* AMThreeStepAnimation.m in Sources */ = {isa = PBXBuildFile; fileRef = 9A9F59821CA2A518004B7380 /* AMThreeStepAnimation.m */; };
		9A9F598A1CA2A518004B7380 /* UIViewController+AMPickerTool.m in Sources */ = {isa = PBXBuildFile; fileRef = 9A9F59841CA2A518004B7380 /* UIViewController+AMPickerTool.m */; };
		9A9F598E1CA2A546004B7380 /* SKLocalStoreTool.m in Sources */ = {isa = PBXBuildFile; fileRef = 9A9F598D1CA2A546004B7380 /* SKLocalStoreTool.m */; };
		9A9F59901CA2A622004B7380 /* Foundation+Log.m in Sources */ = {isa = PBXBuildFile; fileRef = 9A9F598F1CA2A622004B7380 /* Foundation+Log.m */; };
		9A9F59941CA2C690004B7380 /* SKAlertView.m in Sources */ = {isa = PBXBuildFile; fileRef = 9A9F59931CA2C690004B7380 /* SKAlertView.m */; };
		9A9F59981CA2C778004B7380 /* SKAlertVC.m in Sources */ = {isa = PBXBuildFile; fileRef = 9A9F59961CA2C778004B7380 /* SKAlertVC.m */; };
		9A9F599C1CA2CB9D004B7380 /* alertNotice@2x.png in Resources */ = {isa = PBXBuildFile; fileRef = 9A9F599A1CA2CB9D004B7380 /* alertNotice@2x.png */; };
		9A9F599D1CA2CB9D004B7380 /* alertNotice@3x.png in Resources */ = {isa = PBXBuildFile; fileRef = 9A9F599B1CA2CB9D004B7380 /* alertNotice@3x.png */; };
		9A9F59A01CA2D13A004B7380 /* SKBaseModel.m in Sources */ = {isa = PBXBuildFile; fileRef = 9A9F599F1CA2D13A004B7380 /* SKBaseModel.m */; };
		9AB0485B1CA384C500DE03B3 /* SKGDLocationTool.m in Sources */ = {isa = PBXBuildFile; fileRef = 9AB0485A1CA384C500DE03B3 /* SKGDLocationTool.m */; };
		9AB048601CA3852400DE03B3 /* SKMyPoint.m in Sources */ = {isa = PBXBuildFile; fileRef = 9AB0485D1CA3852400DE03B3 /* SKMyPoint.m */; };
		9AB048611CA3852400DE03B3 /* SKOtherPoint.m in Sources */ = {isa = PBXBuildFile; fileRef = 9AB0485F1CA3852400DE03B3 /* SKOtherPoint.m */; };
		9AB048641CA391A100DE03B3 /* LocationModel.m in Sources */ = {isa = PBXBuildFile; fileRef = 9AB048631CA391A100DE03B3 /* LocationModel.m */; };
		9AB0486B1CA39A3A00DE03B3 /* SKAMapSearchVC.m in Sources */ = {isa = PBXBuildFile; fileRef = 9AB048691CA39A3A00DE03B3 /* SKAMapSearchVC.m */; };
		9AB0486C1CA39A3A00DE03B3 /* SKAMapSearchVC.xib in Resources */ = {isa = PBXBuildFile; fileRef = 9AB0486A1CA39A3A00DE03B3 /* SKAMapSearchVC.xib */; };
		D575D1C837594200A8C1ABC3 /* libPods.a in Frameworks */ = {isa = PBXBuildFile; fileRef = ABD330B19EBA073B504D4131 /* libPods.a */; };
/* End PBXBuildFile section */

/* Begin PBXContainerItemProxy section */
		9A0B78961CA28282004FF038 /* PBXContainerItemProxy */ = {
			isa = PBXContainerItemProxy;
			containerPortal = 9A0B78741CA28282004FF038 /* Project object */;
			proxyType = 1;
			remoteGlobalIDString = 9A0B787B1CA28282004FF038;
			remoteInfo = SKToolDemo;
		};
		9A0B78A11CA28282004FF038 /* PBXContainerItemProxy */ = {
			isa = PBXContainerItemProxy;
			containerPortal = 9A0B78741CA28282004FF038 /* Project object */;
			proxyType = 1;
			remoteGlobalIDString = 9A0B787B1CA28282004FF038;
			remoteInfo = SKToolDemo;
		};
/* End PBXContainerItemProxy section */

/* Begin PBXFileReference section */
		9A0B787C1CA28282004FF038 /* SKToolDemo.app */ = {isa = PBXFileReference; explicitFileType = wrapper.application; includeInIndex = 0; path = SKToolDemo.app; sourceTree = BUILT_PRODUCTS_DIR; };
		9A0B78801CA28282004FF038 /* main.m */ = {isa = PBXFileReference; lastKnownFileType = sourcecode.c.objc; path = main.m; sourceTree = "<group>"; };
		9A0B78821CA28282004FF038 /* AppDelegate.h */ = {isa = PBXFileReference; lastKnownFileType = sourcecode.c.h; path = AppDelegate.h; sourceTree = "<group>"; };
		9A0B78831CA28282004FF038 /* AppDelegate.m */ = {isa = PBXFileReference; lastKnownFileType = sourcecode.c.objc; path = AppDelegate.m; sourceTree = "<group>"; };
		9A0B78891CA28282004FF038 /* Base */ = {isa = PBXFileReference; lastKnownFileType = file.storyboard; name = Base; path = Base.lproj/Main.storyboard; sourceTree = "<group>"; };
		9A0B788B1CA28282004FF038 /* Assets.xcassets */ = {isa = PBXFileReference; lastKnownFileType = folder.assetcatalog; path = Assets.xcassets; sourceTree = "<group>"; };
		9A0B788E1CA28282004FF038 /* Base */ = {isa = PBXFileReference; lastKnownFileType = file.storyboard; name = Base; path = Base.lproj/LaunchScreen.storyboard; sourceTree = "<group>"; };
		9A0B78901CA28282004FF038 /* Info.plist */ = {isa = PBXFileReference; lastKnownFileType = text.plist.xml; path = Info.plist; sourceTree = "<group>"; };
		9A0B78951CA28282004FF038 /* SKToolDemoTests.xctest */ = {isa = PBXFileReference; explicitFileType = wrapper.cfbundle; includeInIndex = 0; path = SKToolDemoTests.xctest; sourceTree = BUILT_PRODUCTS_DIR; };
		9A0B78991CA28282004FF038 /* SKToolDemoTests.m */ = {isa = PBXFileReference; lastKnownFileType = sourcecode.c.objc; path = SKToolDemoTests.m; sourceTree = "<group>"; };
		9A0B789B1CA28282004FF038 /* Info.plist */ = {isa = PBXFileReference; lastKnownFileType = text.plist.xml; path = Info.plist; sourceTree = "<group>"; };
		9A0B78A01CA28282004FF038 /* SKToolDemoUITests.xctest */ = {isa = PBXFileReference; explicitFileType = wrapper.cfbundle; includeInIndex = 0; path = SKToolDemoUITests.xctest; sourceTree = BUILT_PRODUCTS_DIR; };
		9A0B78A41CA28282004FF038 /* SKToolDemoUITests.m */ = {isa = PBXFileReference; lastKnownFileType = sourcecode.c.objc; path = SKToolDemoUITests.m; sourceTree = "<group>"; };
		9A0B78A61CA28282004FF038 /* Info.plist */ = {isa = PBXFileReference; lastKnownFileType = text.plist.xml; path = Info.plist; sourceTree = "<group>"; };
		9A0B78B61CA28315004FF038 /* ViewController.h */ = {isa = PBXFileReference; fileEncoding = 4; lastKnownFileType = sourcecode.c.h; path = ViewController.h; sourceTree = "<group>"; };
		9A0B78B71CA28315004FF038 /* ViewController.m */ = {isa = PBXFileReference; fileEncoding = 4; lastKnownFileType = sourcecode.c.objc; path = ViewController.m; sourceTree = "<group>"; };
		9A0B78BA1CA2833E004FF038 /* SKBaseVC.h */ = {isa = PBXFileReference; fileEncoding = 4; lastKnownFileType = sourcecode.c.h; path = SKBaseVC.h; sourceTree = "<group>"; };
		9A0B78BB1CA2833F004FF038 /* SKBaseVC.m */ = {isa = PBXFileReference; fileEncoding = 4; lastKnownFileType = sourcecode.c.objc; path = SKBaseVC.m; sourceTree = "<group>"; };
		9A0B78BD1CA28367004FF038 /* SKHomeTableVC.h */ = {isa = PBXFileReference; fileEncoding = 4; lastKnownFileType = sourcecode.c.h; path = SKHomeTableVC.h; sourceTree = "<group>"; };
		9A0B78BE1CA28367004FF038 /* SKHomeTableVC.m */ = {isa = PBXFileReference; fileEncoding = 4; lastKnownFileType = sourcecode.c.objc; path = SKHomeTableVC.m; sourceTree = "<group>"; };
		9A0B78BF1CA28367004FF038 /* SKHomeTableVC.xib */ = {isa = PBXFileReference; fileEncoding = 4; lastKnownFileType = file.xib; path = SKHomeTableVC.xib; sourceTree = "<group>"; };
		9A0B78C31CA28896004FF038 /* NSString+SKString.h */ = {isa = PBXFileReference; fileEncoding = 4; lastKnownFileType = sourcecode.c.h; path = "NSString+SKString.h"; sourceTree = "<group>"; };
		9A0B78C41CA28896004FF038 /* NSString+SKString.m */ = {isa = PBXFileReference; fileEncoding = 4; lastKnownFileType = sourcecode.c.objc; path = "NSString+SKString.m"; sourceTree = "<group>"; };
		9A0B78C61CA28964004FF038 /* SKCatogyVC.h */ = {isa = PBXFileReference; fileEncoding = 4; lastKnownFileType = sourcecode.c.h; path = SKCatogyVC.h; sourceTree = "<group>"; };
		9A0B78C71CA28964004FF038 /* SKCatogyVC.m */ = {isa = PBXFileReference; fileEncoding = 4; lastKnownFileType = sourcecode.c.objc; path = SKCatogyVC.m; sourceTree = "<group>"; };
		9A0B78C81CA28964004FF038 /* SKCatogyVC.xib */ = {isa = PBXFileReference; fileEncoding = 4; lastKnownFileType = file.xib; path = SKCatogyVC.xib; sourceTree = "<group>"; };
		9A0B78CB1CA28AE7004FF038 /* NSArray+SKArray.h */ = {isa = PBXFileReference; fileEncoding = 4; lastKnownFileType = sourcecode.c.h; path = "NSArray+SKArray.h"; sourceTree = "<group>"; };
		9A0B78CC1CA28AE7004FF038 /* NSArray+SKArray.m */ = {isa = PBXFileReference; fileEncoding = 4; lastKnownFileType = sourcecode.c.objc; path = "NSArray+SKArray.m"; sourceTree = "<group>"; };
		9A0B78CD1CA28AE7004FF038 /* NSDate+AMCalendar.h */ = {isa = PBXFileReference; fileEncoding = 4; lastKnownFileType = sourcecode.c.h; path = "NSDate+AMCalendar.h"; sourceTree = "<group>"; };
		9A0B78CE1CA28AE7004FF038 /* NSDate+AMCalendar.m */ = {isa = PBXFileReference; fileEncoding = 4; lastKnownFileType = sourcecode.c.objc; path = "NSDate+AMCalendar.m"; sourceTree = "<group>"; };
		9A0B78CF1CA28AE7004FF038 /* NSDate+SKDate.h */ = {isa = PBXFileReference; fileEncoding = 4; lastKnownFileType = sourcecode.c.h; path = "NSDate+SKDate.h"; sourceTree = "<group>"; };
		9A0B78D01CA28AE7004FF038 /* NSDate+SKDate.m */ = {isa = PBXFileReference; fileEncoding = 4; lastKnownFileType = sourcecode.c.objc; path = "NSDate+SKDate.m"; sourceTree = "<group>"; };
		9A0B78D11CA28AE7004FF038 /* NSDictionary+SKDic.h */ = {isa = PBXFileReference; fileEncoding = 4; lastKnownFileType = sourcecode.c.h; path = "NSDictionary+SKDic.h"; sourceTree = "<group>"; };
		9A0B78D21CA28AE7004FF038 /* NSDictionary+SKDic.m */ = {isa = PBXFileReference; fileEncoding = 4; lastKnownFileType = sourcecode.c.objc; path = "NSDictionary+SKDic.m"; sourceTree = "<group>"; };
		9A0B78D31CA28AE7004FF038 /* UIColor+SKColor.h */ = {isa = PBXFileReference; fileEncoding = 4; lastKnownFileType = sourcecode.c.h; path = "UIColor+SKColor.h"; sourceTree = "<group>"; };
		9A0B78D41CA28AE7004FF038 /* UIColor+SKColor.m */ = {isa = PBXFileReference; fileEncoding = 4; lastKnownFileType = sourcecode.c.objc; path = "UIColor+SKColor.m"; sourceTree = "<group>"; };
		9A0B78D51CA28AE7004FF038 /* UIImage+SKImage.h */ = {isa = PBXFileReference; fileEncoding = 4; lastKnownFileType = sourcecode.c.h; path = "UIImage+SKImage.h"; sourceTree = "<group>"; };
		9A0B78D61CA28AE7004FF038 /* UIImage+SKImage.m */ = {isa = PBXFileReference; fileEncoding = 4; lastKnownFileType = sourcecode.c.objc; path = "UIImage+SKImage.m"; sourceTree = "<group>"; };
		9A0B78D71CA28AE7004FF038 /* UILabel+SKLabel.h */ = {isa = PBXFileReference; fileEncoding = 4; lastKnownFileType = sourcecode.c.h; path = "UILabel+SKLabel.h"; sourceTree = "<group>"; };
		9A0B78D81CA28AE7004FF038 /* UILabel+SKLabel.m */ = {isa = PBXFileReference; fileEncoding = 4; lastKnownFileType = sourcecode.c.objc; path = "UILabel+SKLabel.m"; sourceTree = "<group>"; };
		9A0B78F71CA28E00004FF038 /* SKToolInterface.h */ = {isa = PBXFileReference; lastKnownFileType = sourcecode.c.h; path = SKToolInterface.h; sourceTree = "<group>"; };
		9A0B78F81CA293D6004FF038 /* SKInterFace.h */ = {isa = PBXFileReference; lastKnownFileType = sourcecode.c.h; path = SKInterFace.h; sourceTree = "<group>"; };
		9A0B7A031CA29536004FF038 /* bitstream.c */ = {isa = PBXFileReference; fileEncoding = 4; lastKnownFileType = sourcecode.c.c; path = bitstream.c; sourceTree = "<group>"; };
		9A0B7A041CA29536004FF038 /* bitstream.h */ = {isa = PBXFileReference; fileEncoding = 4; lastKnownFileType = sourcecode.c.h; path = bitstream.h; sourceTree = "<group>"; };
		9A0B7A051CA29536004FF038 /* mask.c */ = {isa = PBXFileReference; fileEncoding = 4; lastKnownFileType = sourcecode.c.c; path = mask.c; sourceTree = "<group>"; };
		9A0B7A061CA29536004FF038 /* mask.h */ = {isa = PBXFileReference; fileEncoding = 4; lastKnownFileType = sourcecode.c.h; path = mask.h; sourceTree = "<group>"; };
		9A0B7A071CA29536004FF038 /* qrencode.c */ = {isa = PBXFileReference; fileEncoding = 4; lastKnownFileType = sourcecode.c.c; path = qrencode.c; sourceTree = "<group>"; };
		9A0B7A081CA29536004FF038 /* qrencode.h */ = {isa = PBXFileReference; fileEncoding = 4; lastKnownFileType = sourcecode.c.h; path = qrencode.h; sourceTree = "<group>"; };
		9A0B7A091CA29536004FF038 /* qrinput.c */ = {isa = PBXFileReference; fileEncoding = 4; lastKnownFileType = sourcecode.c.c; path = qrinput.c; sourceTree = "<group>"; };
		9A0B7A0A1CA29536004FF038 /* qrinput.h */ = {isa = PBXFileReference; fileEncoding = 4; lastKnownFileType = sourcecode.c.h; path = qrinput.h; sourceTree = "<group>"; };
		9A0B7A0B1CA29536004FF038 /* qrspec.c */ = {isa = PBXFileReference; fileEncoding = 4; lastKnownFileType = sourcecode.c.c; path = qrspec.c; sourceTree = "<group>"; };
		9A0B7A0C1CA29536004FF038 /* qrspec.h */ = {isa = PBXFileReference; fileEncoding = 4; lastKnownFileType = sourcecode.c.h; path = qrspec.h; sourceTree = "<group>"; };
		9A0B7A0D1CA29536004FF038 /* rscode.c */ = {isa = PBXFileReference; fileEncoding = 4; lastKnownFileType = sourcecode.c.c; path = rscode.c; sourceTree = "<group>"; };
		9A0B7A0E1CA29536004FF038 /* rscode.h */ = {isa = PBXFileReference; fileEncoding = 4; lastKnownFileType = sourcecode.c.h; path = rscode.h; sourceTree = "<group>"; };
		9A0B7A0F1CA29536004FF038 /* split.c */ = {isa = PBXFileReference; fileEncoding = 4; lastKnownFileType = sourcecode.c.c; path = split.c; sourceTree = "<group>"; };
		9A0B7A101CA29536004FF038 /* split.h */ = {isa = PBXFileReference; fileEncoding = 4; lastKnownFileType = sourcecode.c.h; path = split.h; sourceTree = "<group>"; };
		9A0B7A121CA29536004FF038 /* AMNoticeAlertView.h */ = {isa = PBXFileReference; fileEncoding = 4; lastKnownFileType = sourcecode.c.h; path = AMNoticeAlertView.h; sourceTree = "<group>"; };
		9A0B7A131CA29536004FF038 /* AMNoticeAlertView.m */ = {isa = PBXFileReference; fileEncoding = 4; lastKnownFileType = sourcecode.c.objc; path = AMNoticeAlertView.m; sourceTree = "<group>"; };
		9A0B7A141CA29536004FF038 /* notice_alert_error@2x.png */ = {isa = PBXFileReference; lastKnownFileType = image.png; path = "notice_alert_error@2x.png"; sourceTree = "<group>"; };
		9A0B7A151CA29536004FF038 /* notice_alert_gou@2x.png */ = {isa = PBXFileReference; lastKnownFileType = image.png; path = "notice_alert_gou@2x.png"; sourceTree = "<group>"; };
		9A0B7A161CA29536004FF038 /* UIViewController+AMNoticeAlertView.h */ = {isa = PBXFileReference; fileEncoding = 4; lastKnownFileType = sourcecode.c.h; path = "UIViewController+AMNoticeAlertView.h"; sourceTree = "<group>"; };
		9A0B7A171CA29536004FF038 /* UIViewController+AMNoticeAlertView.m */ = {isa = PBXFileReference; fileEncoding = 4; lastKnownFileType = sourcecode.c.objc; path = "UIViewController+AMNoticeAlertView.m"; sourceTree = "<group>"; };
		9A0B7A251CA2956F004FF038 /* Single.h */ = {isa = PBXFileReference; fileEncoding = 4; lastKnownFileType = sourcecode.c.h; path = Single.h; sourceTree = "<group>"; };
		9A0B7A281CA2956F004FF038 /* SKHttpToolManager.h */ = {isa = PBXFileReference; fileEncoding = 4; lastKnownFileType = sourcecode.c.h; path = SKHttpToolManager.h; sourceTree = "<group>"; };
		9A0B7A291CA2956F004FF038 /* SKHttpToolManager.m */ = {isa = PBXFileReference; fileEncoding = 4; lastKnownFileType = sourcecode.c.objc; path = SKHttpToolManager.m; sourceTree = "<group>"; };
		9A2F8FB11CA2DE8E00F16C46 /* SKAMapVC.h */ = {isa = PBXFileReference; fileEncoding = 4; lastKnownFileType = sourcecode.c.h; path = SKAMapVC.h; sourceTree = "<group>"; };
		9A2F8FB21CA2DE8E00F16C46 /* SKAMapVC.m */ = {isa = PBXFileReference; fileEncoding = 4; lastKnownFileType = sourcecode.c.objc; path = SKAMapVC.m; sourceTree = "<group>"; };
		9A2F8FB31CA2DE8E00F16C46 /* SKAMapVC.xib */ = {isa = PBXFileReference; fileEncoding = 4; lastKnownFileType = file.xib; path = SKAMapVC.xib; sourceTree = "<group>"; };
		9A2F8FB61CA2DED400F16C46 /* SKAMapTableVC.h */ = {isa = PBXFileReference; fileEncoding = 4; lastKnownFileType = sourcecode.c.h; path = SKAMapTableVC.h; sourceTree = "<group>"; };
		9A2F8FB71CA2DED400F16C46 /* SKAMapTableVC.m */ = {isa = PBXFileReference; fileEncoding = 4; lastKnownFileType = sourcecode.c.objc; path = SKAMapTableVC.m; sourceTree = "<group>"; };
		9A394FAE1CA3C32000B66323 /* choose@2x.png */ = {isa = PBXFileReference; lastKnownFileType = image.png; path = "choose@2x.png"; sourceTree = "<group>"; };
		9A394FAF1CA3C32000B66323 /* SKClickEffectBtn.h */ = {isa = PBXFileReference; fileEncoding = 4; lastKnownFileType = sourcecode.c.h; path = SKClickEffectBtn.h; sourceTree = "<group>"; };
		9A394FB01CA3C32000B66323 /* SKClickEffectBtn.m */ = {isa = PBXFileReference; fileEncoding = 4; lastKnownFileType = sourcecode.c.objc; path = SKClickEffectBtn.m; sourceTree = "<group>"; };
		9A394FB11CA3C32000B66323 /* SKCountDownBtn.h */ = {isa = PBXFileReference; fileEncoding = 4; lastKnownFileType = sourcecode.c.h; path = SKCountDownBtn.h; sourceTree = "<group>"; };
		9A394FB21CA3C32000B66323 /* SKCountDownBtn.m */ = {isa = PBXFileReference; fileEncoding = 4; lastKnownFileType = sourcecode.c.objc; path = SKCountDownBtn.m; sourceTree = "<group>"; };
		9A394FB61CA3C37100B66323 /* SKClassExtensionVC.h */ = {isa = PBXFileReference; fileEncoding = 4; lastKnownFileType = sourcecode.c.h; path = SKClassExtensionVC.h; sourceTree = "<group>"; };
		9A394FB71CA3C37100B66323 /* SKClassExtensionVC.m */ = {isa = PBXFileReference; fileEncoding = 4; lastKnownFileType = sourcecode.c.objc; path = SKClassExtensionVC.m; sourceTree = "<group>"; };
		9A394FB81CA3C37100B66323 /* SKClassExtensionVC.xib */ = {isa = PBXFileReference; fileEncoding = 4; lastKnownFileType = file.xib; path = SKClassExtensionVC.xib; sourceTree = "<group>"; };
		9A394FBE1CA3C81700B66323 /* ChineseToPinyinResource.h */ = {isa = PBXFileReference; fileEncoding = 4; lastKnownFileType = sourcecode.c.h; path = ChineseToPinyinResource.h; sourceTree = "<group>"; };
		9A394FBF1CA3C81700B66323 /* ChineseToPinyinResource.m */ = {isa = PBXFileReference; fileEncoding = 4; lastKnownFileType = sourcecode.c.objc; path = ChineseToPinyinResource.m; sourceTree = "<group>"; };
		9A394FC01CA3C81700B66323 /* HanyuPinyinOutputFormat.h */ = {isa = PBXFileReference; fileEncoding = 4; lastKnownFileType = sourcecode.c.h; path = HanyuPinyinOutputFormat.h; sourceTree = "<group>"; };
		9A394FC11CA3C81700B66323 /* HanyuPinyinOutputFormat.m */ = {isa = PBXFileReference; fileEncoding = 4; lastKnownFileType = sourcecode.c.objc; path = HanyuPinyinOutputFormat.m; sourceTree = "<group>"; };
		9A394FC21CA3C81700B66323 /* NSString+PinYin4Cocoa.h */ = {isa = PBXFileReference; fileEncoding = 4; lastKnownFileType = sourcecode.c.h; path = "NSString+PinYin4Cocoa.h"; sourceTree = "<group>"; };
		9A394FC31CA3C81700B66323 /* NSString+PinYin4Cocoa.m */ = {isa = PBXFileReference; fileEncoding = 4; lastKnownFileType = sourcecode.c.objc; path = "NSString+PinYin4Cocoa.m"; sourceTree = "<group>"; };
		9A394FC41CA3C81700B66323 /* PinYin4Objc.h */ = {isa = PBXFileReference; fileEncoding = 4; lastKnownFileType = sourcecode.c.h; path = PinYin4Objc.h; sourceTree = "<group>"; };
		9A394FC51CA3C81700B66323 /* PinyinFormatter.h */ = {isa = PBXFileReference; fileEncoding = 4; lastKnownFileType = sourcecode.c.h; path = PinyinFormatter.h; sourceTree = "<group>"; };
		9A394FC61CA3C81700B66323 /* PinyinFormatter.m */ = {isa = PBXFileReference; fileEncoding = 4; lastKnownFileType = sourcecode.c.objc; path = PinyinFormatter.m; sourceTree = "<group>"; };
		9A394FC71CA3C81700B66323 /* PinyinHelper.h */ = {isa = PBXFileReference; fileEncoding = 4; lastKnownFileType = sourcecode.c.h; path = PinyinHelper.h; sourceTree = "<group>"; };
		9A394FC81CA3C81700B66323 /* PinyinHelper.m */ = {isa = PBXFileReference; fileEncoding = 4; lastKnownFileType = sourcecode.c.objc; path = PinyinHelper.m; sourceTree = "<group>"; };
		9A394FCA1CA3C81700B66323 /* unicode_to_hanyu_pinyin.txt */ = {isa = PBXFileReference; fileEncoding = 4; lastKnownFileType = text; path = unicode_to_hanyu_pinyin.txt; sourceTree = "<group>"; };
		9A394FD11CA3C85900B66323 /* SKSearchToolVC.h */ = {isa = PBXFileReference; fileEncoding = 4; lastKnownFileType = sourcecode.c.h; path = SKSearchToolVC.h; sourceTree = "<group>"; };
		9A394FD21CA3C85900B66323 /* SKSearchToolVC.m */ = {isa = PBXFileReference; fileEncoding = 4; lastKnownFileType = sourcecode.c.objc; path = SKSearchToolVC.m; sourceTree = "<group>"; };
		9A9F59601CA29B01004B7380 /* SKNetworkVC.h */ = {isa = PBXFileReference; fileEncoding = 4; lastKnownFileType = sourcecode.c.h; path = SKNetworkVC.h; sourceTree = "<group>"; };
		9A9F59611CA29B01004B7380 /* SKNetworkVC.m */ = {isa = PBXFileReference; fileEncoding = 4; lastKnownFileType = sourcecode.c.objc; path = SKNetworkVC.m; sourceTree = "<group>"; };
		9A9F59621CA29B01004B7380 /* SKNetworkVC.xib */ = {isa = PBXFileReference; fileEncoding = 4; lastKnownFileType = file.xib; path = SKNetworkVC.xib; sourceTree = "<group>"; };
		9A9F59661CA29DB2004B7380 /* default1242-2208@2x.png */ = {isa = PBXFileReference; lastKnownFileType = image.png; path = "default1242-2208@2x.png"; sourceTree = "<group>"; };
		9A9F59671CA29DB2004B7380 /* default640-1136@2x.png */ = {isa = PBXFileReference; lastKnownFileType = image.png; path = "default640-1136@2x.png"; sourceTree = "<group>"; };
		9A9F59681CA29DB2004B7380 /* default640-960@2x.png */ = {isa = PBXFileReference; lastKnownFileType = image.png; path = "default640-960@2x.png"; sourceTree = "<group>"; };
		9A9F59691CA29DB2004B7380 /* default750-1334@2x.png */ = {isa = PBXFileReference; lastKnownFileType = image.png; path = "default750-1334@2x.png"; sourceTree = "<group>"; };
		9A9F596E1CA29DF2004B7380 /* Images.xcassets */ = {isa = PBXFileReference; lastKnownFileType = folder.assetcatalog; path = Images.xcassets; sourceTree = "<group>"; };
		9A9F59711CA2A217004B7380 /* AMAutoTextField.h */ = {isa = PBXFileReference; fileEncoding = 4; lastKnownFileType = sourcecode.c.h; path = AMAutoTextField.h; sourceTree = "<group>"; };
		9A9F59721CA2A217004B7380 /* AMAutoTextField.m */ = {isa = PBXFileReference; fileEncoding = 4; lastKnownFileType = sourcecode.c.objc; path = AMAutoTextField.m; sourceTree = "<group>"; };
		9A9F59731CA2A217004B7380 /* UIViewController+AMAutoKeyBoardVC.h */ = {isa = PBXFileReference; fileEncoding = 4; lastKnownFileType = sourcecode.c.h; path = "UIViewController+AMAutoKeyBoardVC.h"; sourceTree = "<group>"; };
		9A9F59741CA2A217004B7380 /* UIViewController+AMAutoKeyBoardVC.m */ = {isa = PBXFileReference; fileEncoding = 4; lastKnownFileType = sourcecode.c.objc; path = "UIViewController+AMAutoKeyBoardVC.m"; sourceTree = "<group>"; };
		9A9F59771CA2A392004B7380 /* SKHTTPSessionManager.h */ = {isa = PBXFileReference; fileEncoding = 4; lastKnownFileType = sourcecode.c.h; path = SKHTTPSessionManager.h; sourceTree = "<group>"; };
		9A9F59781CA2A392004B7380 /* SKHTTPSessionManager.m */ = {isa = PBXFileReference; fileEncoding = 4; lastKnownFileType = sourcecode.c.objc; path = SKHTTPSessionManager.m; sourceTree = "<group>"; };
		9A9F597B1CA2A518004B7380 /* AMDatePickerView.h */ = {isa = PBXFileReference; fileEncoding = 4; lastKnownFileType = sourcecode.c.h; path = AMDatePickerView.h; sourceTree = "<group>"; };
		9A9F597C1CA2A518004B7380 /* AMDatePickerView.m */ = {isa = PBXFileReference; fileEncoding = 4; lastKnownFileType = sourcecode.c.objc; path = AMDatePickerView.m; sourceTree = "<group>"; };
		9A9F597D1CA2A518004B7380 /* AMDatePickerView.xib */ = {isa = PBXFileReference; fileEncoding = 4; lastKnownFileType = file.xib; path = AMDatePickerView.xib; sourceTree = "<group>"; };
		9A9F597E1CA2A518004B7380 /* AMPickerChooseView.h */ = {isa = PBXFileReference; fileEncoding = 4; lastKnownFileType = sourcecode.c.h; path = AMPickerChooseView.h; sourceTree = "<group>"; };
		9A9F597F1CA2A518004B7380 /* AMPickerChooseView.m */ = {isa = PBXFileReference; fileEncoding = 4; lastKnownFileType = sourcecode.c.objc; path = AMPickerChooseView.m; sourceTree = "<group>"; };
		9A9F59801CA2A518004B7380 /* AMPickerChooseView.xib */ = {isa = PBXFileReference; fileEncoding = 4; lastKnownFileType = file.xib; path = AMPickerChooseView.xib; sourceTree = "<group>"; };
		9A9F59811CA2A518004B7380 /* AMThreeStepAnimation.h */ = {isa = PBXFileReference; fileEncoding = 4; lastKnownFileType = sourcecode.c.h; path = AMThreeStepAnimation.h; sourceTree = "<group>"; };
		9A9F59821CA2A518004B7380 /* AMThreeStepAnimation.m */ = {isa = PBXFileReference; fileEncoding = 4; lastKnownFileType = sourcecode.c.objc; path = AMThreeStepAnimation.m; sourceTree = "<group>"; };
		9A9F59831CA2A518004B7380 /* UIViewController+AMPickerTool.h */ = {isa = PBXFileReference; fileEncoding = 4; lastKnownFileType = sourcecode.c.h; path = "UIViewController+AMPickerTool.h"; sourceTree = "<group>"; };
		9A9F59841CA2A518004B7380 /* UIViewController+AMPickerTool.m */ = {isa = PBXFileReference; fileEncoding = 4; lastKnownFileType = sourcecode.c.objc; path = "UIViewController+AMPickerTool.m"; sourceTree = "<group>"; };
		9A9F598C1CA2A546004B7380 /* SKLocalStoreTool.h */ = {isa = PBXFileReference; fileEncoding = 4; lastKnownFileType = sourcecode.c.h; path = SKLocalStoreTool.h; sourceTree = "<group>"; };
		9A9F598D1CA2A546004B7380 /* SKLocalStoreTool.m */ = {isa = PBXFileReference; fileEncoding = 4; lastKnownFileType = sourcecode.c.objc; path = SKLocalStoreTool.m; sourceTree = "<group>"; };
		9A9F598F1CA2A622004B7380 /* Foundation+Log.m */ = {isa = PBXFileReference; fileEncoding = 4; lastKnownFileType = sourcecode.c.objc; path = "Foundation+Log.m"; sourceTree = "<group>"; };
		9A9F59921CA2C690004B7380 /* SKAlertView.h */ = {isa = PBXFileReference; fileEncoding = 4; lastKnownFileType = sourcecode.c.h; path = SKAlertView.h; sourceTree = "<group>"; };
		9A9F59931CA2C690004B7380 /* SKAlertView.m */ = {isa = PBXFileReference; fileEncoding = 4; lastKnownFileType = sourcecode.c.objc; path = SKAlertView.m; sourceTree = "<group>"; };
		9A9F59951CA2C778004B7380 /* SKAlertVC.h */ = {isa = PBXFileReference; fileEncoding = 4; lastKnownFileType = sourcecode.c.h; path = SKAlertVC.h; sourceTree = "<group>"; };
		9A9F59961CA2C778004B7380 /* SKAlertVC.m */ = {isa = PBXFileReference; fileEncoding = 4; lastKnownFileType = sourcecode.c.objc; path = SKAlertVC.m; sourceTree = "<group>"; };
		9A9F599A1CA2CB9D004B7380 /* alertNotice@2x.png */ = {isa = PBXFileReference; lastKnownFileType = image.png; path = "alertNotice@2x.png"; sourceTree = "<group>"; };
		9A9F599B1CA2CB9D004B7380 /* alertNotice@3x.png */ = {isa = PBXFileReference; lastKnownFileType = image.png; path = "alertNotice@3x.png"; sourceTree = "<group>"; };
		9A9F599E1CA2D13A004B7380 /* SKBaseModel.h */ = {isa = PBXFileReference; fileEncoding = 4; lastKnownFileType = sourcecode.c.h; path = SKBaseModel.h; sourceTree = "<group>"; };
		9A9F599F1CA2D13A004B7380 /* SKBaseModel.m */ = {isa = PBXFileReference; fileEncoding = 4; lastKnownFileType = sourcecode.c.objc; path = SKBaseModel.m; sourceTree = "<group>"; };
		9AB048591CA384C500DE03B3 /* SKGDLocationTool.h */ = {isa = PBXFileReference; fileEncoding = 4; lastKnownFileType = sourcecode.c.h; path = SKGDLocationTool.h; sourceTree = "<group>"; };
		9AB0485A1CA384C500DE03B3 /* SKGDLocationTool.m */ = {isa = PBXFileReference; fileEncoding = 4; lastKnownFileType = sourcecode.c.objc; path = SKGDLocationTool.m; sourceTree = "<group>"; };
		9AB0485C1CA3852400DE03B3 /* SKMyPoint.h */ = {isa = PBXFileReference; fileEncoding = 4; lastKnownFileType = sourcecode.c.h; path = SKMyPoint.h; sourceTree = "<group>"; };
		9AB0485D1CA3852400DE03B3 /* SKMyPoint.m */ = {isa = PBXFileReference; fileEncoding = 4; lastKnownFileType = sourcecode.c.objc; path = SKMyPoint.m; sourceTree = "<group>"; };
		9AB0485E1CA3852400DE03B3 /* SKOtherPoint.h */ = {isa = PBXFileReference; fileEncoding = 4; lastKnownFileType = sourcecode.c.h; path = SKOtherPoint.h; sourceTree = "<group>"; };
		9AB0485F1CA3852400DE03B3 /* SKOtherPoint.m */ = {isa = PBXFileReference; fileEncoding = 4; lastKnownFileType = sourcecode.c.objc; path = SKOtherPoint.m; sourceTree = "<group>"; };
		9AB048621CA391A100DE03B3 /* LocationModel.h */ = {isa = PBXFileReference; fileEncoding = 4; lastKnownFileType = sourcecode.c.h; path = LocationModel.h; sourceTree = "<group>"; };
		9AB048631CA391A100DE03B3 /* LocationModel.m */ = {isa = PBXFileReference; fileEncoding = 4; lastKnownFileType = sourcecode.c.objc; path = LocationModel.m; sourceTree = "<group>"; };
		9AB048681CA39A3A00DE03B3 /* SKAMapSearchVC.h */ = {isa = PBXFileReference; fileEncoding = 4; lastKnownFileType = sourcecode.c.h; path = SKAMapSearchVC.h; sourceTree = "<group>"; };
		9AB048691CA39A3A00DE03B3 /* SKAMapSearchVC.m */ = {isa = PBXFileReference; fileEncoding = 4; lastKnownFileType = sourcecode.c.objc; path = SKAMapSearchVC.m; sourceTree = "<group>"; };
		9AB0486A1CA39A3A00DE03B3 /* SKAMapSearchVC.xib */ = {isa = PBXFileReference; fileEncoding = 4; lastKnownFileType = file.xib; path = SKAMapSearchVC.xib; sourceTree = "<group>"; };
		ABD330B19EBA073B504D4131 /* libPods.a */ = {isa = PBXFileReference; explicitFileType = archive.ar; includeInIndex = 0; path = libPods.a; sourceTree = BUILT_PRODUCTS_DIR; };
		DD94F2425B214CDF756AB53C /* Pods.debug.xcconfig */ = {isa = PBXFileReference; includeInIndex = 1; lastKnownFileType = text.xcconfig; name = Pods.debug.xcconfig; path = "Pods/Target Support Files/Pods/Pods.debug.xcconfig"; sourceTree = "<group>"; };
		F4BDE474A66B41EA2EB29625 /* Pods.release.xcconfig */ = {isa = PBXFileReference; includeInIndex = 1; lastKnownFileType = text.xcconfig; name = Pods.release.xcconfig; path = "Pods/Target Support Files/Pods/Pods.release.xcconfig"; sourceTree = "<group>"; };
/* End PBXFileReference section */

/* Begin PBXFrameworksBuildPhase section */
		9A0B78791CA28282004FF038 /* Frameworks */ = {
			isa = PBXFrameworksBuildPhase;
			buildActionMask = 2147483647;
			files = (
				D575D1C837594200A8C1ABC3 /* libPods.a in Frameworks */,
			);
			runOnlyForDeploymentPostprocessing = 0;
		};
		9A0B78921CA28282004FF038 /* Frameworks */ = {
			isa = PBXFrameworksBuildPhase;
			buildActionMask = 2147483647;
			files = (
			);
			runOnlyForDeploymentPostprocessing = 0;
		};
		9A0B789D1CA28282004FF038 /* Frameworks */ = {
			isa = PBXFrameworksBuildPhase;
			buildActionMask = 2147483647;
			files = (
			);
			runOnlyForDeploymentPostprocessing = 0;
		};
/* End PBXFrameworksBuildPhase section */

/* Begin PBXGroup section */
		1148A9BEA746D6D0ABC3BADA /* Pods */ = {
			isa = PBXGroup;
			children = (
				DD94F2425B214CDF756AB53C /* Pods.debug.xcconfig */,
				F4BDE474A66B41EA2EB29625 /* Pods.release.xcconfig */,
			);
			name = Pods;
			sourceTree = "<group>";
		};
		9A0B78731CA28282004FF038 = {
			isa = PBXGroup;
			children = (
				9A0B787E1CA28282004FF038 /* SKToolDemo */,
				9A0B78981CA28282004FF038 /* SKToolDemoTests */,
				9A0B78A31CA28282004FF038 /* SKToolDemoUITests */,
				9A0B787D1CA28282004FF038 /* Products */,
				1148A9BEA746D6D0ABC3BADA /* Pods */,
				DB30190C63E425BD5A2A364D /* Frameworks */,
			);
			sourceTree = "<group>";
		};
		9A0B787D1CA28282004FF038 /* Products */ = {
			isa = PBXGroup;
			children = (
				9A0B787C1CA28282004FF038 /* SKToolDemo.app */,
				9A0B78951CA28282004FF038 /* SKToolDemoTests.xctest */,
				9A0B78A01CA28282004FF038 /* SKToolDemoUITests.xctest */,
			);
			name = Products;
			sourceTree = "<group>";
		};
		9A0B787E1CA28282004FF038 /* SKToolDemo */ = {
			isa = PBXGroup;
			children = (
				9A0B78821CA28282004FF038 /* AppDelegate.h */,
				9A0B78831CA28282004FF038 /* AppDelegate.m */,
				9A0B78F81CA293D6004FF038 /* SKInterFace.h */,
				9A0B78F71CA28E00004FF038 /* SKToolInterface.h */,
				9A394FAD1CA3C32000B66323 /* classExtensoin */,
				9A9F59651CA29DB2004B7380 /* img */,
				9A0B7A231CA29554004FF038 /* Tool */,
				9A0B78E01CA28B53004FF038 /* Lib */,
				9A0B78C21CA28863004FF038 /* CatogryTool */,
				9A0B78B51CA28315004FF038 /* controller */,
				9A0B78B81CA28315004FF038 /* model */,
				9A0B78881CA28282004FF038 /* Main.storyboard */,
				9A0B788B1CA28282004FF038 /* Assets.xcassets */,
				9A0B788D1CA28282004FF038 /* LaunchScreen.storyboard */,
				9A0B78901CA28282004FF038 /* Info.plist */,
				9A9F596E1CA29DF2004B7380 /* Images.xcassets */,
				9A0B787F1CA28282004FF038 /* Supporting Files */,
			);
			path = SKToolDemo;
			sourceTree = "<group>";
		};
		9A0B787F1CA28282004FF038 /* Supporting Files */ = {
			isa = PBXGroup;
			children = (
				9A0B78801CA28282004FF038 /* main.m */,
			);
			name = "Supporting Files";
			sourceTree = "<group>";
		};
		9A0B78981CA28282004FF038 /* SKToolDemoTests */ = {
			isa = PBXGroup;
			children = (
				9A0B78991CA28282004FF038 /* SKToolDemoTests.m */,
				9A0B789B1CA28282004FF038 /* Info.plist */,
			);
			path = SKToolDemoTests;
			sourceTree = "<group>";
		};
		9A0B78A31CA28282004FF038 /* SKToolDemoUITests */ = {
			isa = PBXGroup;
			children = (
				9A0B78A41CA28282004FF038 /* SKToolDemoUITests.m */,
				9A0B78A61CA28282004FF038 /* Info.plist */,
			);
			path = SKToolDemoUITests;
			sourceTree = "<group>";
		};
		9A0B78B51CA28315004FF038 /* controller */ = {
			isa = PBXGroup;
			children = (
				9A2F8FB01CA2DE8E00F16C46 /* 高德 */,
				9A0B78B61CA28315004FF038 /* ViewController.h */,
				9A0B78B71CA28315004FF038 /* ViewController.m */,
				9A0B78BA1CA2833E004FF038 /* SKBaseVC.h */,
				9A0B78BB1CA2833F004FF038 /* SKBaseVC.m */,
				9A0B78BD1CA28367004FF038 /* SKHomeTableVC.h */,
				9A0B78BE1CA28367004FF038 /* SKHomeTableVC.m */,
				9A0B78BF1CA28367004FF038 /* SKHomeTableVC.xib */,
				9A0B78C61CA28964004FF038 /* SKCatogyVC.h */,
				9A0B78C71CA28964004FF038 /* SKCatogyVC.m */,
				9A0B78C81CA28964004FF038 /* SKCatogyVC.xib */,
				9A9F59601CA29B01004B7380 /* SKNetworkVC.h */,
				9A9F59611CA29B01004B7380 /* SKNetworkVC.m */,
				9A9F59621CA29B01004B7380 /* SKNetworkVC.xib */,
				9A9F59951CA2C778004B7380 /* SKAlertVC.h */,
				9A9F59961CA2C778004B7380 /* SKAlertVC.m */,
				9A394FB61CA3C37100B66323 /* SKClassExtensionVC.h */,
				9A394FB71CA3C37100B66323 /* SKClassExtensionVC.m */,
				9A394FB81CA3C37100B66323 /* SKClassExtensionVC.xib */,
			);
			path = controller;
			sourceTree = "<group>";
		};
		9A0B78B81CA28315004FF038 /* model */ = {
			isa = PBXGroup;
			children = (
				9A9F599E1CA2D13A004B7380 /* SKBaseModel.h */,
				9A9F599F1CA2D13A004B7380 /* SKBaseModel.m */,
			);
			path = model;
			sourceTree = "<group>";
		};
		9A0B78C21CA28863004FF038 /* CatogryTool */ = {
			isa = PBXGroup;
			children = (
				9A0B78C31CA28896004FF038 /* NSString+SKString.h */,
				9A0B78C41CA28896004FF038 /* NSString+SKString.m */,
				9A0B78CB1CA28AE7004FF038 /* NSArray+SKArray.h */,
				9A0B78CC1CA28AE7004FF038 /* NSArray+SKArray.m */,
				9A0B78CD1CA28AE7004FF038 /* NSDate+AMCalendar.h */,
				9A0B78CE1CA28AE7004FF038 /* NSDate+AMCalendar.m */,
				9A0B78CF1CA28AE7004FF038 /* NSDate+SKDate.h */,
				9A0B78D01CA28AE7004FF038 /* NSDate+SKDate.m */,
				9A0B78D11CA28AE7004FF038 /* NSDictionary+SKDic.h */,
				9A0B78D21CA28AE7004FF038 /* NSDictionary+SKDic.m */,
				9A0B78D31CA28AE7004FF038 /* UIColor+SKColor.h */,
				9A0B78D41CA28AE7004FF038 /* UIColor+SKColor.m */,
				9A0B78D51CA28AE7004FF038 /* UIImage+SKImage.h */,
				9A0B78D61CA28AE7004FF038 /* UIImage+SKImage.m */,
				9A0B78D71CA28AE7004FF038 /* UILabel+SKLabel.h */,
				9A0B78D81CA28AE7004FF038 /* UILabel+SKLabel.m */,
			);
			path = CatogryTool;
			sourceTree = "<group>";
		};
		9A0B78E01CA28B53004FF038 /* Lib */ = {
			isa = PBXGroup;
			children = (
				9A9F59701CA2A217004B7380 /* AMTextfield */,
				9A0B7A021CA29536004FF038 /* libqrencode */,
				9A0B7A111CA29536004FF038 /* NetworkProgress */,
				9A9F598F1CA2A622004B7380 /* Foundation+Log.m */,
			);
			path = Lib;
			sourceTree = "<group>";
		};
		9A0B7A021CA29536004FF038 /* libqrencode */ = {
			isa = PBXGroup;
			children = (
				9A0B7A031CA29536004FF038 /* bitstream.c */,
				9A0B7A041CA29536004FF038 /* bitstream.h */,
				9A0B7A051CA29536004FF038 /* mask.c */,
				9A0B7A061CA29536004FF038 /* mask.h */,
				9A0B7A071CA29536004FF038 /* qrencode.c */,
				9A0B7A081CA29536004FF038 /* qrencode.h */,
				9A0B7A091CA29536004FF038 /* qrinput.c */,
				9A0B7A0A1CA29536004FF038 /* qrinput.h */,
				9A0B7A0B1CA29536004FF038 /* qrspec.c */,
				9A0B7A0C1CA29536004FF038 /* qrspec.h */,
				9A0B7A0D1CA29536004FF038 /* rscode.c */,
				9A0B7A0E1CA29536004FF038 /* rscode.h */,
				9A0B7A0F1CA29536004FF038 /* split.c */,
				9A0B7A101CA29536004FF038 /* split.h */,
			);
			path = libqrencode;
			sourceTree = "<group>";
		};
		9A0B7A111CA29536004FF038 /* NetworkProgress */ = {
			isa = PBXGroup;
			children = (
				9A0B7A121CA29536004FF038 /* AMNoticeAlertView.h */,
				9A0B7A131CA29536004FF038 /* AMNoticeAlertView.m */,
				9A0B7A141CA29536004FF038 /* notice_alert_error@2x.png */,
				9A0B7A151CA29536004FF038 /* notice_alert_gou@2x.png */,
				9A0B7A161CA29536004FF038 /* UIViewController+AMNoticeAlertView.h */,
				9A0B7A171CA29536004FF038 /* UIViewController+AMNoticeAlertView.m */,
			);
			path = NetworkProgress;
			sourceTree = "<group>";
		};
		9A0B7A231CA29554004FF038 /* Tool */ = {
			isa = PBXGroup;
			children = (
				9A394FBB1CA3C71100B66323 /* SKSearchTool */,
				9AB048581CA384C500DE03B3 /* SKGDLocation */,
				9A9F59911CA2C690004B7380 /* SKAlertTool */,
				9A9F598B1CA2A546004B7380 /* LocalStoreTool */,
				9A9F597A1CA2A518004B7380 /* DataAndDateTool */,
				9A0B7A241CA2956F004FF038 /* HttpTool */,
			);
			path = Tool;
			sourceTree = "<group>";
		};
		9A0B7A241CA2956F004FF038 /* HttpTool */ = {
			isa = PBXGroup;
			children = (
				9A0B7A251CA2956F004FF038 /* Single.h */,
				9A9F59771CA2A392004B7380 /* SKHTTPSessionManager.h */,
				9A9F59781CA2A392004B7380 /* SKHTTPSessionManager.m */,
				9A0B7A281CA2956F004FF038 /* SKHttpToolManager.h */,
				9A0B7A291CA2956F004FF038 /* SKHttpToolManager.m */,
			);
			path = HttpTool;
			sourceTree = "<group>";
		};
		9A2F8FB01CA2DE8E00F16C46 /* 高德 */ = {
			isa = PBXGroup;
			children = (
				9A2F8FB11CA2DE8E00F16C46 /* SKAMapVC.h */,
				9A2F8FB21CA2DE8E00F16C46 /* SKAMapVC.m */,
				9A2F8FB31CA2DE8E00F16C46 /* SKAMapVC.xib */,
				9A2F8FB61CA2DED400F16C46 /* SKAMapTableVC.h */,
				9A2F8FB71CA2DED400F16C46 /* SKAMapTableVC.m */,
				9AB048681CA39A3A00DE03B3 /* SKAMapSearchVC.h */,
				9AB048691CA39A3A00DE03B3 /* SKAMapSearchVC.m */,
				9AB0486A1CA39A3A00DE03B3 /* SKAMapSearchVC.xib */,
			);
			path = "高德";
			sourceTree = "<group>";
		};
		9A394FAD1CA3C32000B66323 /* classExtensoin */ = {
			isa = PBXGroup;
			children = (
				9A394FAE1CA3C32000B66323 /* choose@2x.png */,
				9A394FAF1CA3C32000B66323 /* SKClickEffectBtn.h */,
				9A394FB01CA3C32000B66323 /* SKClickEffectBtn.m */,
				9A394FB11CA3C32000B66323 /* SKCountDownBtn.h */,
				9A394FB21CA3C32000B66323 /* SKCountDownBtn.m */,
			);
			path = classExtensoin;
			sourceTree = "<group>";
		};
		9A394FBB1CA3C71100B66323 /* SKSearchTool */ = {
			isa = PBXGroup;
			children = (
				9A394FBC1CA3C81700B66323 /* PinYin4Objc */,
			);
			path = SKSearchTool;
			sourceTree = "<group>";
		};
		9A394FBC1CA3C81700B66323 /* PinYin4Objc */ = {
			isa = PBXGroup;
			children = (
				9A394FBD1CA3C81700B66323 /* Classes */,
				9A394FC91CA3C81700B66323 /* Resources */,
				9A394FD11CA3C85900B66323 /* SKSearchToolVC.h */,
				9A394FD21CA3C85900B66323 /* SKSearchToolVC.m */,
			);
			path = PinYin4Objc;
			sourceTree = "<group>";
		};
		9A394FBD1CA3C81700B66323 /* Classes */ = {
			isa = PBXGroup;
			children = (
				9A394FBE1CA3C81700B66323 /* ChineseToPinyinResource.h */,
				9A394FBF1CA3C81700B66323 /* ChineseToPinyinResource.m */,
				9A394FC01CA3C81700B66323 /* HanyuPinyinOutputFormat.h */,
				9A394FC11CA3C81700B66323 /* HanyuPinyinOutputFormat.m */,
				9A394FC21CA3C81700B66323 /* NSString+PinYin4Cocoa.h */,
				9A394FC31CA3C81700B66323 /* NSString+PinYin4Cocoa.m */,
				9A394FC41CA3C81700B66323 /* PinYin4Objc.h */,
				9A394FC51CA3C81700B66323 /* PinyinFormatter.h */,
				9A394FC61CA3C81700B66323 /* PinyinFormatter.m */,
				9A394FC71CA3C81700B66323 /* PinyinHelper.h */,
				9A394FC81CA3C81700B66323 /* PinyinHelper.m */,
			);
			path = Classes;
			sourceTree = "<group>";
		};
		9A394FC91CA3C81700B66323 /* Resources */ = {
			isa = PBXGroup;
			children = (
				9A394FCA1CA3C81700B66323 /* unicode_to_hanyu_pinyin.txt */,
			);
			path = Resources;
			sourceTree = "<group>";
		};
		9A9F59651CA29DB2004B7380 /* img */ = {
			isa = PBXGroup;
			children = (
				9A9F59661CA29DB2004B7380 /* default1242-2208@2x.png */,
				9A9F59671CA29DB2004B7380 /* default640-1136@2x.png */,
				9A9F59681CA29DB2004B7380 /* default640-960@2x.png */,
				9A9F59691CA29DB2004B7380 /* default750-1334@2x.png */,
			);
			path = img;
			sourceTree = "<group>";
		};
		9A9F59701CA2A217004B7380 /* AMTextfield */ = {
			isa = PBXGroup;
			children = (
				9A9F59711CA2A217004B7380 /* AMAutoTextField.h */,
				9A9F59721CA2A217004B7380 /* AMAutoTextField.m */,
				9A9F59731CA2A217004B7380 /* UIViewController+AMAutoKeyBoardVC.h */,
				9A9F59741CA2A217004B7380 /* UIViewController+AMAutoKeyBoardVC.m */,
			);
			path = AMTextfield;
			sourceTree = "<group>";
		};
		9A9F597A1CA2A518004B7380 /* DataAndDateTool */ = {
			isa = PBXGroup;
			children = (
				9A9F597B1CA2A518004B7380 /* AMDatePickerView.h */,
				9A9F597C1CA2A518004B7380 /* AMDatePickerView.m */,
				9A9F597D1CA2A518004B7380 /* AMDatePickerView.xib */,
				9A9F597E1CA2A518004B7380 /* AMPickerChooseView.h */,
				9A9F597F1CA2A518004B7380 /* AMPickerChooseView.m */,
				9A9F59801CA2A518004B7380 /* AMPickerChooseView.xib */,
				9A9F59811CA2A518004B7380 /* AMThreeStepAnimation.h */,
				9A9F59821CA2A518004B7380 /* AMThreeStepAnimation.m */,
				9A9F59831CA2A518004B7380 /* UIViewController+AMPickerTool.h */,
				9A9F59841CA2A518004B7380 /* UIViewController+AMPickerTool.m */,
			);
			path = DataAndDateTool;
			sourceTree = "<group>";
		};
		9A9F598B1CA2A546004B7380 /* LocalStoreTool */ = {
			isa = PBXGroup;
			children = (
				9A9F598C1CA2A546004B7380 /* SKLocalStoreTool.h */,
				9A9F598D1CA2A546004B7380 /* SKLocalStoreTool.m */,
			);
			path = LocalStoreTool;
			sourceTree = "<group>";
		};
		9A9F59911CA2C690004B7380 /* SKAlertTool */ = {
			isa = PBXGroup;
			children = (
				9A9F599A1CA2CB9D004B7380 /* alertNotice@2x.png */,
				9A9F599B1CA2CB9D004B7380 /* alertNotice@3x.png */,
				9A9F59921CA2C690004B7380 /* SKAlertView.h */,
				9A9F59931CA2C690004B7380 /* SKAlertView.m */,
			);
			path = SKAlertTool;
			sourceTree = "<group>";
		};
		9AB048581CA384C500DE03B3 /* SKGDLocation */ = {
			isa = PBXGroup;
			children = (
				9AB0485C1CA3852400DE03B3 /* SKMyPoint.h */,
				9AB0485D1CA3852400DE03B3 /* SKMyPoint.m */,
				9AB0485E1CA3852400DE03B3 /* SKOtherPoint.h */,
				9AB0485F1CA3852400DE03B3 /* SKOtherPoint.m */,
				9AB048621CA391A100DE03B3 /* LocationModel.h */,
				9AB048631CA391A100DE03B3 /* LocationModel.m */,
				9AB048591CA384C500DE03B3 /* SKGDLocationTool.h */,
				9AB0485A1CA384C500DE03B3 /* SKGDLocationTool.m */,
			);
			path = SKGDLocation;
			sourceTree = "<group>";
		};
		DB30190C63E425BD5A2A364D /* Frameworks */ = {
			isa = PBXGroup;
			children = (
				ABD330B19EBA073B504D4131 /* libPods.a */,
			);
			name = Frameworks;
			sourceTree = "<group>";
		};
/* End PBXGroup section */

/* Begin PBXNativeTarget section */
		9A0B787B1CA28282004FF038 /* SKToolDemo */ = {
			isa = PBXNativeTarget;
			buildConfigurationList = 9A0B78A91CA28282004FF038 /* Build configuration list for PBXNativeTarget "SKToolDemo" */;
			buildPhases = (
				C0810AA0FC91819CB3135176 /* Check Pods Manifest.lock */,
				9A0B78781CA28282004FF038 /* Sources */,
				9A0B78791CA28282004FF038 /* Frameworks */,
				9A0B787A1CA28282004FF038 /* Resources */,
				212DDBF3F69339636ACB987C /* Embed Pods Frameworks */,
				E8F2DEC310B395DE73B090EA /* Copy Pods Resources */,
			);
			buildRules = (
			);
			dependencies = (
			);
			name = SKToolDemo;
			productName = SKToolDemo;
			productReference = 9A0B787C1CA28282004FF038 /* SKToolDemo.app */;
			productType = "com.apple.product-type.application";
		};
		9A0B78941CA28282004FF038 /* SKToolDemoTests */ = {
			isa = PBXNativeTarget;
			buildConfigurationList = 9A0B78AC1CA28282004FF038 /* Build configuration list for PBXNativeTarget "SKToolDemoTests" */;
			buildPhases = (
				9A0B78911CA28282004FF038 /* Sources */,
				9A0B78921CA28282004FF038 /* Frameworks */,
				9A0B78931CA28282004FF038 /* Resources */,
			);
			buildRules = (
			);
			dependencies = (
				9A0B78971CA28282004FF038 /* PBXTargetDependency */,
			);
			name = SKToolDemoTests;
			productName = SKToolDemoTests;
			productReference = 9A0B78951CA28282004FF038 /* SKToolDemoTests.xctest */;
			productType = "com.apple.product-type.bundle.unit-test";
		};
		9A0B789F1CA28282004FF038 /* SKToolDemoUITests */ = {
			isa = PBXNativeTarget;
			buildConfigurationList = 9A0B78AF1CA28282004FF038 /* Build configuration list for PBXNativeTarget "SKToolDemoUITests" */;
			buildPhases = (
				9A0B789C1CA28282004FF038 /* Sources */,
				9A0B789D1CA28282004FF038 /* Frameworks */,
				9A0B789E1CA28282004FF038 /* Resources */,
			);
			buildRules = (
			);
			dependencies = (
				9A0B78A21CA28282004FF038 /* PBXTargetDependency */,
			);
			name = SKToolDemoUITests;
			productName = SKToolDemoUITests;
			productReference = 9A0B78A01CA28282004FF038 /* SKToolDemoUITests.xctest */;
			productType = "com.apple.product-type.bundle.ui-testing";
		};
/* End PBXNativeTarget section */

/* Begin PBXProject section */
		9A0B78741CA28282004FF038 /* Project object */ = {
			isa = PBXProject;
			attributes = {
				CLASSPREFIX = SK;
				LastUpgradeCheck = 0720;
				ORGANIZATIONNAME = youngxiansen;
				TargetAttributes = {
					9A0B787B1CA28282004FF038 = {
						CreatedOnToolsVersion = 7.2.1;
					};
					9A0B78941CA28282004FF038 = {
						CreatedOnToolsVersion = 7.2.1;
						TestTargetID = 9A0B787B1CA28282004FF038;
					};
					9A0B789F1CA28282004FF038 = {
						CreatedOnToolsVersion = 7.2.1;
						TestTargetID = 9A0B787B1CA28282004FF038;
					};
				};
			};
			buildConfigurationList = 9A0B78771CA28282004FF038 /* Build configuration list for PBXProject "SKToolDemo" */;
			compatibilityVersion = "Xcode 3.2";
			developmentRegion = English;
			hasScannedForEncodings = 0;
			knownRegions = (
				en,
				Base,
			);
			mainGroup = 9A0B78731CA28282004FF038;
			productRefGroup = 9A0B787D1CA28282004FF038 /* Products */;
			projectDirPath = "";
			projectRoot = "";
			targets = (
				9A0B787B1CA28282004FF038 /* SKToolDemo */,
				9A0B78941CA28282004FF038 /* SKToolDemoTests */,
				9A0B789F1CA28282004FF038 /* SKToolDemoUITests */,
			);
		};
/* End PBXProject section */

/* Begin PBXResourcesBuildPhase section */
		9A0B787A1CA28282004FF038 /* Resources */ = {
			isa = PBXResourcesBuildPhase;
			buildActionMask = 2147483647;
			files = (
				9A9F59861CA2A518004B7380 /* AMDatePickerView.xib in Resources */,
				9A0B7A211CA29536004FF038 /* notice_alert_gou@2x.png in Resources */,
				9A9F59641CA29B01004B7380 /* SKNetworkVC.xib in Resources */,
				9A2F8FB51CA2DE8E00F16C46 /* SKAMapVC.xib in Resources */,
				9A9F59881CA2A518004B7380 /* AMPickerChooseView.xib in Resources */,
				9A9F599D1CA2CB9D004B7380 /* alertNotice@3x.png in Resources */,
				9A394FBA1CA3C37100B66323 /* SKClassExtensionVC.xib in Resources */,
				9A0B78CA1CA28964004FF038 /* SKCatogyVC.xib in Resources */,
				9A394FB31CA3C32000B66323 /* choose@2x.png in Resources */,
				9A9F596F1CA29DF2004B7380 /* Images.xcassets in Resources */,
				9AB0486C1CA39A3A00DE03B3 /* SKAMapSearchVC.xib in Resources */,
				9A9F596A1CA29DB2004B7380 /* default1242-2208@2x.png in Resources */,
				9A394FD01CA3C81700B66323 /* unicode_to_hanyu_pinyin.txt in Resources */,
				9A9F596D1CA29DB2004B7380 /* default750-1334@2x.png in Resources */,
				9A9F596C1CA29DB2004B7380 /* default640-960@2x.png in Resources */,
				9A9F599C1CA2CB9D004B7380 /* alertNotice@2x.png in Resources */,
				9A9F596B1CA29DB2004B7380 /* default640-1136@2x.png in Resources */,
				9A0B788F1CA28282004FF038 /* LaunchScreen.storyboard in Resources */,
				9A0B7A201CA29536004FF038 /* notice_alert_error@2x.png in Resources */,
				9A0B788C1CA28282004FF038 /* Assets.xcassets in Resources */,
				9A0B78C11CA28367004FF038 /* SKHomeTableVC.xib in Resources */,
				9A0B788A1CA28282004FF038 /* Main.storyboard in Resources */,
			);
			runOnlyForDeploymentPostprocessing = 0;
		};
		9A0B78931CA28282004FF038 /* Resources */ = {
			isa = PBXResourcesBuildPhase;
			buildActionMask = 2147483647;
			files = (
			);
			runOnlyForDeploymentPostprocessing = 0;
		};
		9A0B789E1CA28282004FF038 /* Resources */ = {
			isa = PBXResourcesBuildPhase;
			buildActionMask = 2147483647;
			files = (
			);
			runOnlyForDeploymentPostprocessing = 0;
		};
/* End PBXResourcesBuildPhase section */

/* Begin PBXShellScriptBuildPhase section */
		212DDBF3F69339636ACB987C /* Embed Pods Frameworks */ = {
			isa = PBXShellScriptBuildPhase;
			buildActionMask = 2147483647;
			files = (
			);
			inputPaths = (
			);
			name = "Embed Pods Frameworks";
			outputPaths = (
			);
			runOnlyForDeploymentPostprocessing = 0;
			shellPath = /bin/sh;
			shellScript = "\"${SRCROOT}/Pods/Target Support Files/Pods/Pods-frameworks.sh\"\n";
			showEnvVarsInLog = 0;
		};
		C0810AA0FC91819CB3135176 /* Check Pods Manifest.lock */ = {
			isa = PBXShellScriptBuildPhase;
			buildActionMask = 2147483647;
			files = (
			);
			inputPaths = (
			);
			name = "Check Pods Manifest.lock";
			outputPaths = (
			);
			runOnlyForDeploymentPostprocessing = 0;
			shellPath = /bin/sh;
			shellScript = "diff \"${PODS_ROOT}/../Podfile.lock\" \"${PODS_ROOT}/Manifest.lock\" > /dev/null\nif [[ $? != 0 ]] ; then\n    cat << EOM\nerror: The sandbox is not in sync with the Podfile.lock. Run 'pod install' or update your CocoaPods installation.\nEOM\n    exit 1\nfi\n";
			showEnvVarsInLog = 0;
		};
		E8F2DEC310B395DE73B090EA /* Copy Pods Resources */ = {
			isa = PBXShellScriptBuildPhase;
			buildActionMask = 2147483647;
			files = (
			);
			inputPaths = (
			);
			name = "Copy Pods Resources";
			outputPaths = (
			);
			runOnlyForDeploymentPostprocessing = 0;
			shellPath = /bin/sh;
			shellScript = "\"${SRCROOT}/Pods/Target Support Files/Pods/Pods-resources.sh\"\n";
			showEnvVarsInLog = 0;
		};
/* End PBXShellScriptBuildPhase section */

/* Begin PBXSourcesBuildPhase section */
		9A0B78781CA28282004FF038 /* Sources */ = {
			isa = PBXSourcesBuildPhase;
			buildActionMask = 2147483647;
			files = (
				9A394FB91CA3C37100B66323 /* SKClassExtensionVC.m in Sources */,
				9A394FCE1CA3C81700B66323 /* PinyinFormatter.m in Sources */,
				9A0B78C91CA28964004FF038 /* SKCatogyVC.m in Sources */,
				9A0B7A1F1CA29536004FF038 /* AMNoticeAlertView.m in Sources */,
				9A0B7A181CA29536004FF038 /* bitstream.c in Sources */,
				9A0B78B91CA28315004FF038 /* ViewController.m in Sources */,
				9A394FCB1CA3C81700B66323 /* ChineseToPinyinResource.m in Sources */,
				9A0B7A191CA29536004FF038 /* mask.c in Sources */,
				9AB048601CA3852400DE03B3 /* SKMyPoint.m in Sources */,
				9A9F59981CA2C778004B7380 /* SKAlertVC.m in Sources */,
				9AB0486B1CA39A3A00DE03B3 /* SKAMapSearchVC.m in Sources */,
				9A0B78841CA28282004FF038 /* AppDelegate.m in Sources */,
				9A394FCF1CA3C81700B66323 /* PinyinHelper.m in Sources */,
				9A9F59851CA2A518004B7380 /* AMDatePickerView.m in Sources */,
				9A0B7A1B1CA29536004FF038 /* qrinput.c in Sources */,
				9A2F8FB81CA2DED400F16C46 /* SKAMapTableVC.m in Sources */,
				9A0B78DF1CA28AE7004FF038 /* UILabel+SKLabel.m in Sources */,
				9A0B78DA1CA28AE7004FF038 /* NSDate+AMCalendar.m in Sources */,
				9A0B7A221CA29536004FF038 /* UIViewController+AMNoticeAlertView.m in Sources */,
				9A0B78DC1CA28AE7004FF038 /* NSDictionary+SKDic.m in Sources */,
				9A9F598A1CA2A518004B7380 /* UIViewController+AMPickerTool.m in Sources */,
				9A0B7A1A1CA29536004FF038 /* qrencode.c in Sources */,
				9A0B78811CA28282004FF038 /* main.m in Sources */,
				9A9F59791CA2A392004B7380 /* SKHTTPSessionManager.m in Sources */,
				9A0B7A2B1CA2956F004FF038 /* SKHttpToolManager.m in Sources */,
				9A0B78D91CA28AE7004FF038 /* NSArray+SKArray.m in Sources */,
				9A2F8FB41CA2DE8E00F16C46 /* SKAMapVC.m in Sources */,
				9AB0485B1CA384C500DE03B3 /* SKGDLocationTool.m in Sources */,
				9A0B7A1E1CA29536004FF038 /* split.c in Sources */,
				9A394FCC1CA3C81700B66323 /* HanyuPinyinOutputFormat.m in Sources */,
				9AB048641CA391A100DE03B3 /* LocationModel.m in Sources */,
				9A0B78C01CA28367004FF038 /* SKHomeTableVC.m in Sources */,
				9A0B7A1D1CA29536004FF038 /* rscode.c in Sources */,
				9A394FCD1CA3C81700B66323 /* NSString+PinYin4Cocoa.m in Sources */,
				9A394FB51CA3C32000B66323 /* SKCountDownBtn.m in Sources */,
				9A9F598E1CA2A546004B7380 /* SKLocalStoreTool.m in Sources */,
				9A9F59941CA2C690004B7380 /* SKAlertView.m in Sources */,
				9A0B78C51CA28896004FF038 /* NSString+SKString.m in Sources */,
				9A9F59901CA2A622004B7380 /* Foundation+Log.m in Sources */,
				9A9F59A01CA2D13A004B7380 /* SKBaseModel.m in Sources */,
				9A394FD31CA3C85900B66323 /* SKSearchToolVC.m in Sources */,
				9A9F59761CA2A217004B7380 /* UIViewController+AMAutoKeyBoardVC.m in Sources */,
				9A9F59751CA2A217004B7380 /* AMAutoTextField.m in Sources */,
				9AB048611CA3852400DE03B3 /* SKOtherPoint.m in Sources */,
				9A0B78DD1CA28AE7004FF038 /* UIColor+SKColor.m in Sources */,
				9A0B78DB1CA28AE7004FF038 /* NSDate+SKDate.m in Sources */,
				9A0B7A1C1CA29536004FF038 /* qrspec.c in Sources */,
				9A9F59631CA29B01004B7380 /* SKNetworkVC.m in Sources */,
				9A9F59891CA2A518004B7380 /* AMThreeStepAnimation.m in Sources */,
				9A394FB41CA3C32000B66323 /* SKClickEffectBtn.m in Sources */,
				9A0B78BC1CA2833F004FF038 /* SKBaseVC.m in Sources */,
				9A0B78DE1CA28AE7004FF038 /* UIImage+SKImage.m in Sources */,
				9A9F59871CA2A518004B7380 /* AMPickerChooseView.m in Sources */,
			);
			runOnlyForDeploymentPostprocessing = 0;
		};
		9A0B78911CA28282004FF038 /* Sources */ = {
			isa = PBXSourcesBuildPhase;
			buildActionMask = 2147483647;
			files = (
				9A0B789A1CA28282004FF038 /* SKToolDemoTests.m in Sources */,
			);
			runOnlyForDeploymentPostprocessing = 0;
		};
		9A0B789C1CA28282004FF038 /* Sources */ = {
			isa = PBXSourcesBuildPhase;
			buildActionMask = 2147483647;
			files = (
				9A0B78A51CA28282004FF038 /* SKToolDemoUITests.m in Sources */,
			);
			runOnlyForDeploymentPostprocessing = 0;
		};
/* End PBXSourcesBuildPhase section */

/* Begin PBXTargetDependency section */
		9A0B78971CA28282004FF038 /* PBXTargetDependency */ = {
			isa = PBXTargetDependency;
			target = 9A0B787B1CA28282004FF038 /* SKToolDemo */;
			targetProxy = 9A0B78961CA28282004FF038 /* PBXContainerItemProxy */;
		};
		9A0B78A21CA28282004FF038 /* PBXTargetDependency */ = {
			isa = PBXTargetDependency;
			target = 9A0B787B1CA28282004FF038 /* SKToolDemo */;
			targetProxy = 9A0B78A11CA28282004FF038 /* PBXContainerItemProxy */;
		};
/* End PBXTargetDependency section */

/* Begin PBXVariantGroup section */
		9A0B78881CA28282004FF038 /* Main.storyboard */ = {
			isa = PBXVariantGroup;
			children = (
				9A0B78891CA28282004FF038 /* Base */,
			);
			name = Main.storyboard;
			sourceTree = "<group>";
		};
		9A0B788D1CA28282004FF038 /* LaunchScreen.storyboard */ = {
			isa = PBXVariantGroup;
			children = (
				9A0B788E1CA28282004FF038 /* Base */,
			);
			name = LaunchScreen.storyboard;
			sourceTree = "<group>";
		};
/* End PBXVariantGroup section */

/* Begin XCBuildConfiguration section */
		9A0B78A71CA28282004FF038 /* Debug */ = {
			isa = XCBuildConfiguration;
			buildSettings = {
				ALWAYS_SEARCH_USER_PATHS = NO;
				CLANG_CXX_LANGUAGE_STANDARD = "gnu++0x";
				CLANG_CXX_LIBRARY = "libc++";
				CLANG_ENABLE_MODULES = YES;
				CLANG_ENABLE_OBJC_ARC = YES;
				CLANG_WARN_BOOL_CONVERSION = YES;
				CLANG_WARN_CONSTANT_CONVERSION = YES;
				CLANG_WARN_DIRECT_OBJC_ISA_USAGE = YES_ERROR;
				CLANG_WARN_EMPTY_BODY = YES;
				CLANG_WARN_ENUM_CONVERSION = YES;
				CLANG_WARN_INT_CONVERSION = YES;
				CLANG_WARN_OBJC_ROOT_CLASS = YES_ERROR;
				CLANG_WARN_UNREACHABLE_CODE = YES;
				CLANG_WARN__DUPLICATE_METHOD_MATCH = YES;
				"CODE_SIGN_IDENTITY[sdk=iphoneos*]" = "iPhone Developer";
				COPY_PHASE_STRIP = NO;
				DEBUG_INFORMATION_FORMAT = dwarf;
				ENABLE_STRICT_OBJC_MSGSEND = YES;
				ENABLE_TESTABILITY = YES;
				GCC_C_LANGUAGE_STANDARD = gnu99;
				GCC_DYNAMIC_NO_PIC = NO;
				GCC_NO_COMMON_BLOCKS = YES;
				GCC_OPTIMIZATION_LEVEL = 0;
				GCC_PREPROCESSOR_DEFINITIONS = (
					"DEBUG=1",
					"$(inherited)",
				);
				GCC_WARN_64_TO_32_BIT_CONVERSION = YES;
				GCC_WARN_ABOUT_RETURN_TYPE = YES_ERROR;
				GCC_WARN_UNDECLARED_SELECTOR = YES;
				GCC_WARN_UNINITIALIZED_AUTOS = YES_AGGRESSIVE;
				GCC_WARN_UNUSED_FUNCTION = YES;
				GCC_WARN_UNUSED_VARIABLE = YES;
				IPHONEOS_DEPLOYMENT_TARGET = 7.0;
				MTL_ENABLE_DEBUG_INFO = YES;
				ONLY_ACTIVE_ARCH = YES;
				SDKROOT = iphoneos;
			};
			name = Debug;
		};
		9A0B78A81CA28282004FF038 /* Release */ = {
			isa = XCBuildConfiguration;
			buildSettings = {
				ALWAYS_SEARCH_USER_PATHS = NO;
				CLANG_CXX_LANGUAGE_STANDARD = "gnu++0x";
				CLANG_CXX_LIBRARY = "libc++";
				CLANG_ENABLE_MODULES = YES;
				CLANG_ENABLE_OBJC_ARC = YES;
				CLANG_WARN_BOOL_CONVERSION = YES;
				CLANG_WARN_CONSTANT_CONVERSION = YES;
				CLANG_WARN_DIRECT_OBJC_ISA_USAGE = YES_ERROR;
				CLANG_WARN_EMPTY_BODY = YES;
				CLANG_WARN_ENUM_CONVERSION = YES;
				CLANG_WARN_INT_CONVERSION = YES;
				CLANG_WARN_OBJC_ROOT_CLASS = YES_ERROR;
				CLANG_WARN_UNREACHABLE_CODE = YES;
				CLANG_WARN__DUPLICATE_METHOD_MATCH = YES;
				"CODE_SIGN_IDENTITY[sdk=iphoneos*]" = "iPhone Developer";
				COPY_PHASE_STRIP = NO;
				DEBUG_INFORMATION_FORMAT = "dwarf-with-dsym";
				ENABLE_NS_ASSERTIONS = NO;
				ENABLE_STRICT_OBJC_MSGSEND = YES;
				GCC_C_LANGUAGE_STANDARD = gnu99;
				GCC_NO_COMMON_BLOCKS = YES;
				GCC_WARN_64_TO_32_BIT_CONVERSION = YES;
				GCC_WARN_ABOUT_RETURN_TYPE = YES_ERROR;
				GCC_WARN_UNDECLARED_SELECTOR = YES;
				GCC_WARN_UNINITIALIZED_AUTOS = YES_AGGRESSIVE;
				GCC_WARN_UNUSED_FUNCTION = YES;
				GCC_WARN_UNUSED_VARIABLE = YES;
				IPHONEOS_DEPLOYMENT_TARGET = 7.0;
				MTL_ENABLE_DEBUG_INFO = NO;
				SDKROOT = iphoneos;
				VALIDATE_PRODUCT = YES;
			};
			name = Release;
		};
		9A0B78AA1CA28282004FF038 /* Debug */ = {
			isa = XCBuildConfiguration;
			baseConfigurationReference = DD94F2425B214CDF756AB53C /* Pods.debug.xcconfig */;
			buildSettings = {
				ASSETCATALOG_COMPILER_APPICON_NAME = AppIcon;
				ASSETCATALOG_COMPILER_LAUNCHIMAGE_NAME = LaunchImage;
				INFOPLIST_FILE = SKToolDemo/Info.plist;
				LD_RUNPATH_SEARCH_PATHS = "$(inherited) @executable_path/Frameworks";
				PRODUCT_BUNDLE_IDENTIFIER = com.joyskim.SKToolDemo;
				PRODUCT_NAME = "$(TARGET_NAME)";
			};
			name = Debug;
		};
		9A0B78AB1CA28282004FF038 /* Release */ = {
			isa = XCBuildConfiguration;
			baseConfigurationReference = F4BDE474A66B41EA2EB29625 /* Pods.release.xcconfig */;
			buildSettings = {
				ASSETCATALOG_COMPILER_APPICON_NAME = AppIcon;
				ASSETCATALOG_COMPILER_LAUNCHIMAGE_NAME = LaunchImage;
				INFOPLIST_FILE = SKToolDemo/Info.plist;
				LD_RUNPATH_SEARCH_PATHS = "$(inherited) @executable_path/Frameworks";
				PRODUCT_BUNDLE_IDENTIFIER = com.joyskim.SKToolDemo;
				PRODUCT_NAME = "$(TARGET_NAME)";
			};
			name = Release;
		};
		9A0B78AD1CA28282004FF038 /* Debug */ = {
			isa = XCBuildConfiguration;
			buildSettings = {
				BUNDLE_LOADER = "$(TEST_HOST)";
				INFOPLIST_FILE = SKToolDemoTests/Info.plist;
				LD_RUNPATH_SEARCH_PATHS = "$(inherited) @executable_path/Frameworks @loader_path/Frameworks";
				PRODUCT_BUNDLE_IDENTIFIER = com.joyskim.SKToolDemoTests;
				PRODUCT_NAME = "$(TARGET_NAME)";
				TEST_HOST = "$(BUILT_PRODUCTS_DIR)/SKToolDemo.app/SKToolDemo";
			};
			name = Debug;
		};
		9A0B78AE1CA28282004FF038 /* Release */ = {
			isa = XCBuildConfiguration;
			buildSettings = {
				BUNDLE_LOADER = "$(TEST_HOST)";
				INFOPLIST_FILE = SKToolDemoTests/Info.plist;
				LD_RUNPATH_SEARCH_PATHS = "$(inherited) @executable_path/Frameworks @loader_path/Frameworks";
				PRODUCT_BUNDLE_IDENTIFIER = com.joyskim.SKToolDemoTests;
				PRODUCT_NAME = "$(TARGET_NAME)";
				TEST_HOST = "$(BUILT_PRODUCTS_DIR)/SKToolDemo.app/SKToolDemo";
			};
			name = Release;
		};
		9A0B78B01CA28282004FF038 /* Debug */ = {
			isa = XCBuildConfiguration;
			buildSettings = {
				INFOPLIST_FILE = SKToolDemoUITests/Info.plist;
				LD_RUNPATH_SEARCH_PATHS = "$(inherited) @executable_path/Frameworks @loader_path/Frameworks";
				PRODUCT_BUNDLE_IDENTIFIER = com.joyskim.SKToolDemoUITests;
				PRODUCT_NAME = "$(TARGET_NAME)";
				TEST_TARGET_NAME = SKToolDemo;
				USES_XCTRUNNER = YES;
			};
			name = Debug;
		};
		9A0B78B11CA28282004FF038 /* Release */ = {
			isa = XCBuildConfiguration;
			buildSettings = {
				INFOPLIST_FILE = SKToolDemoUITests/Info.plist;
				LD_RUNPATH_SEARCH_PATHS = "$(inherited) @executable_path/Frameworks @loader_path/Frameworks";
				PRODUCT_BUNDLE_IDENTIFIER = com.joyskim.SKToolDemoUITests;
				PRODUCT_NAME = "$(TARGET_NAME)";
				TEST_TARGET_NAME = SKToolDemo;
				USES_XCTRUNNER = YES;
			};
			name = Release;
		};
/* End XCBuildConfiguration section */

/* Begin XCConfigurationList section */
		9A0B78771CA28282004FF038 /* Build configuration list for PBXProject "SKToolDemo" */ = {
			isa = XCConfigurationList;
			buildConfigurations = (
				9A0B78A71CA28282004FF038 /* Debug */,
				9A0B78A81CA28282004FF038 /* Release */,
			);
			defaultConfigurationIsVisible = 0;
			defaultConfigurationName = Release;
		};
		9A0B78A91CA28282004FF038 /* Build configuration list for PBXNativeTarget "SKToolDemo" */ = {
			isa = XCConfigurationList;
			buildConfigurations = (
				9A0B78AA1CA28282004FF038 /* Debug */,
				9A0B78AB1CA28282004FF038 /* Release */,
			);
			defaultConfigurationIsVisible = 0;
			defaultConfigurationName = Release;
		};
		9A0B78AC1CA28282004FF038 /* Build configuration list for PBXNativeTarget "SKToolDemoTests" */ = {
			isa = XCConfigurationList;
			buildConfigurations = (
				9A0B78AD1CA28282004FF038 /* Debug */,
				9A0B78AE1CA28282004FF038 /* Release */,
			);
			defaultConfigurationIsVisible = 0;
			defaultConfigurationName = Release;
		};
		9A0B78AF1CA28282004FF038 /* Build configuration list for PBXNativeTarget "SKToolDemoUITests" */ = {
			isa = XCConfigurationList;
			buildConfigurations = (
				9A0B78B01CA28282004FF038 /* Debug */,
				9A0B78B11CA28282004FF038 /* Release */,
			);
			defaultConfigurationIsVisible = 0;
			defaultConfigurationName = Release;
		};
/* End XCConfigurationList section */
	};
	rootObject = 9A0B78741CA28282004FF038 /* Project object */;
}
